{
  "object": {
    "pins": [
      {
        "package": "Aperture",
        "repositoryURL": "https://github.com/Animaker-Inc/Aperture",
        "state": {
          "branch": null,
          "revision": "62fba53c7205d9df91e770dbbccf6cf683626900",
          "version": "0.5.0"
        }
      },
      {
        "package": "swift-argument-parser",
        "repositoryURL": "https://github.com/apple/swift-argument-parser",
        "state": {
          "branch": null,
          "revision": "3d79b2b5a2e5af52c14e462044702ea7728f5770",
          "version": "0.1.0"
        }
      }
    ]
  },
  "version": 1
}
